
Microsoft Visual Studio Solution File, Format Version 12.00
# Visual Studio Version 17
VisualStudioVersion = 17.9.34714.143
MinimumVisualStudioVersion = 10.0.40219.1
Project("{8BC9CEB8-8B4A-11D0-8D11-00A0C91BC942}") = "day30", "day30\day30.vcxproj", "{9560D37E-A2F7-42A6-8ED8-8F1A5707541E}"
EndProject
Global
	GlobalSection(SolutionConfigurationPlatforms) = preSolution
		Debug|x64 = Debug|x64
		Debug|x86 = Debug|x86
		Release|x64 = Release|x64
		Release|x86 = Release|x86
	EndGlobalSection
	GlobalSection(ProjectConfigurationPlatforms) = postSolution
		{9560D37E-A2F7-42A6-8ED8-8F1A5707541E}.Debug|x64.ActiveCfg = Debug|x64
		{9560D37E-A2F7-42A6-8ED8-8F1A5707541E}.Debug|x64.Build.0 = Debug|x64
		{9560D37E-A2F7-42A6-8ED8-8F1A5707541E}.Debug|x86.ActiveCfg = Debug|Win32
		{9560D37E-A2F7-42A6-8ED8-8F1A5707541E}.Debug|x86.Build.0 = Debug|Win32
		{9560D37E-A2F7-42A6-8ED8-8F1A5707541E}.Release|x64.ActiveCfg = Release|x64
		{9560D37E-A2F7-42A6-8ED8-8F1A5707541E}.Release|x64.Build.0 = Release|x64
		{9560D37E-A2F7-42A6-8ED8-8F1A5707541E}.Release|x86.ActiveCfg = Release|Win32
		{9560D37E-A2F7-42A6-8ED8-8F1A5707541E}.Release|x86.Build.0 = Release|Win32
	EndGlobalSection
	GlobalSection(SolutionProperties) = preSolution
		HideSolutionNode = FALSE
	EndGlobalSection
	GlobalSection(ExtensibilityGlobals) = postSolution
		SolutionGuid = {06DED926-EEE4-4688-882A-434C38DF42DF}
	EndGlobalSection
EndGlobal
